// !$*UTF8*$!
{
	archiveVersion = 1;
	classes = {
	};
	objectVersion = 46;
	objects = {

/* Begin PBXBuildFile section */
		1F17F6C61D9CB0D10022EA89 /* main.cpp in Sources */ = {isa = PBXBuildFile; fileRef = 1F17F6C51D9CB0D10022EA89 /* main.cpp */; };
		1F17F6D11D9CB4670022EA89 /* lab7b.cpp in Sources */ = {isa = PBXBuildFile; fileRef = 1F17F6CF1D9CB4670022EA89 /* lab7b.cpp */; };
/* End PBXBuildFile section */

/* Begin PBXCopyFilesBuildPhase section */
		1F17F6C01D9CB0D10022EA89 /* CopyFiles */ = {
			isa = PBXCopyFilesBuildPhase;
			buildActionMask = 2147483647;
			dstPath = /usr/share/man/man1/;
			dstSubfolderSpec = 0;
			files = (
			);
			runOnlyForDeploymentPostprocessing = 1;
		};
/* End PBXCopyFilesBuildPhase section */

/* Begin PBXFileReference section */
		1F17F6C21D9CB0D10022EA89 /* lab7b */ = {isa = PBXFileReference; explicitFileType = "compiled.mach-o.executable"; includeInIndex = 0; path = lab7b; sourceTree = BUILT_PRODUCTS_DIR; };
		1F17F6C51D9CB0D10022EA89 /* main.cpp */ = {isa = PBXFileReference; lastKnownFileType = sourcecode.cpp.cpp; path = main.cpp; sourceTree = "<group>"; };
		1F17F6CF1D9CB4670022EA89 /* lab7b.cpp */ = {isa = PBXFileReference; fileEncoding = 4; lastKnownFileType = sourcecode.cpp.cpp; path = lab7b.cpp; sourceTree = "<group>"; };
		1F17F6D01D9CB4670022EA89 /* lab7b.hpp */ = {isa = PBXFileReference; fileEncoding = 4; lastKnownFileType = sourcecode.cpp.h; path = lab7b.hpp; sourceTree = "<group>"; };
/* End PBXFileReference section */

/* Begin PBXFrameworksBuildPhase section */
		1F17F6BF1D9CB0D10022EA89 /* Frameworks */ = {
			isa = PBXFrameworksBuildPhase;
			buildActionMask = 2147483647;
			files = (
			);
			runOnlyForDeploymentPostprocessing = 0;
		};
/* End PBXFrameworksBuildPhase section */

/* Begin PBXGroup section */
		1F17F6B91D9CB0D00022EA89 = {
			isa = PBXGroup;
			children = (
				1F17F6C41D9CB0D10022EA89 /* lab7b */,
				1F17F6C31D9CB0D10022EA89 /* Products */,
			);
			sourceTree = "<group>";
		};
		1F17F6C31D9CB0D10022EA89 /* Products */ = {
			isa = PBXGroup;
			children = (
				1F17F6C21D9CB0D10022EA89 /* lab7b */,
			);
			name = Products;
			sourceTree = "<group>";
		};
		1F17F6C41D9CB0D10022EA89 /* lab7b */ = {
			isa = PBXGroup;
			children = (
				1F17F6C51D9CB0D10022EA89 /* main.cpp */,
				1F17F6CF1D9CB4670022EA89 /* lab7b.cpp */,
				1F17F6D01D9CB4670022EA89 /* lab7b.hpp */,
			);
			path = lab7b;
			sourceTree = "<group>";
		};
/* End PBXGroup section */

/* Begin PBXNativeTarget section */
		1F17F6C11D9CB0D10022EA89 /* lab7b */ = {
			isa = PBXNativeTarget;
			buildConfigurationList = 1F17F6C91D9CB0D10022EA89 /* Build configuration list for PBXNativeTarget "lab7b" */;
			buildPhases = (
				1F17F6BE1D9CB0D10022EA89 /* Sources */,
				1F17F6BF1D9CB0D10022EA89 /* Frameworks */,
				1F17F6C01D9CB0D10022EA89 /* CopyFiles */,
			);
			buildRules = (
			);
			dependencies = (
			);
			name = lab7b;
			productName = lab7b;
			productReference = 1F17F6C21D9CB0D10022EA89 /* lab7b */;
			productType = "com.apple.product-type.tool";
		};
/* End PBXNativeTarget section */

/* Begin PBXProject section */
		1F17F6BA1D9CB0D00022EA89 /* Project object */ = {
			isa = PBXProject;
			attributes = {
				LastUpgradeCheck = 0800;
				ORGANIZATIONNAME = "Jeff zhang";
				TargetAttributes = {
					1F17F6C11D9CB0D10022EA89 = {
						CreatedOnToolsVersion = 8.0;
						ProvisioningStyle = Automatic;
					};
				};
			};
			buildConfigurationList = 1F17F6BD1D9CB0D00022EA89 /* Build configuration list for PBXProject "lab7b" */;
			compatibilityVersion = "Xcode 3.2";
			developmentRegion = English;
			hasScannedForEncodings = 0;
			knownRegions = (
				en,
			);
			mainGroup = 1F17F6B91D9CB0D00022EA89;
			productRefGroup = 1F17F6C31D9CB0D10022EA89 /* Products */;
			projectDirPath = "";
			projectRoot = "";
			targets = (
				1F17F6C11D9CB0D10022EA89 /* lab7b */,
			);
		};
/* End PBXProject section */

/* Begin PBXSourcesBuildPhase section */
		1F17F6BE1D9CB0D10022EA89 /* Sources */ = {
			isa = PBXSourcesBuildPhase;
			buildActionMask = 2147483647;
			files = (
				1F17F6D11D9CB4670022EA89 /* lab7b.cpp in Sources */,
				1F17F6C61D9CB0D10022EA89 /* main.cpp in Sources */,
			);
			runOnlyForDeploymentPostprocessing = 0;
		};
/* End PBXSourcesBuildPhase section */

/* Begin XCBuildConfiguration section */
		1F17F6C71D9CB0D10022EA89 /* Debug */ = {
			isa = XCBuildConfiguration;
			buildSettings = {
				ALWAYS_SEARCH_USER_PATHS = NO;
				CLANG_ANALYZER_NONNULL = YES;
				CLANG_CXX_LANGUAGE_STANDARD = "gnu++0x";
				CLANG_CXX_LIBRARY = "libc++";
				CLANG_ENABLE_MODULES = YES;
				CLANG_ENABLE_OBJC_ARC = YES;
				CLANG_WARN_BOOL_CONVERSION = YES;
				CLANG_WARN_CONSTANT_CONVERSION = YES;
				CLANG_WARN_DIRECT_OBJC_ISA_USAGE = YES_ERROR;
				CLANG_WARN_DOCUMENTATION_COMMENTS = YES;
				CLANG_WARN_EMPTY_BODY = YES;
				CLANG_WARN_ENUM_CONVERSION = YES;
				CLANG_WARN_INFINITE_RECURSION = YES;
				CLANG_WARN_INT_CONVERSION = YES;
				CLANG_WARN_OBJC_ROOT_CLASS = YES_ERROR;
				CLANG_WARN_SUSPICIOUS_MOVES = YES;
				CLANG_WARN_UNREACHABLE_CODE = YES;
				CLANG_WARN__DUPLICATE_METHOD_MATCH = YES;
				CODE_SIGN_IDENTITY = "-";
				COPY_PHASE_STRIP = NO;
				DEBUG_INFORMATION_FORMAT = dwarf;
				ENABLE_STRICT_OBJC_MSGSEND = YES;
				ENABLE_TESTABILITY = YES;
				GCC_C_LANGUAGE_STANDARD = gnu99;
				GCC_DYNAMIC_NO_PIC = NO;
				GCC_NO_COMMON_BLOCKS = YES;
				GCC_OPTIMIZATION_LEVEL = 0;
				GCC_PREPROCESSOR_DEFINITIONS = (
					"DEBUG=1",
					"$(inherited)",
				);
				GCC_WARN_64_TO_32_BIT_CONVERSION = YES;
				GCC_WARN_ABOUT_RETURN_TYPE = YES_ERROR;
				GCC_WARN_UNDECLARED_SELECTOR = YES;
				GCC_WARN_UNINITIALIZED_AUTOS = YES_AGGRESSIVE;
				GCC_WARN_UNUSED_FUNCTION = YES;
				GCC_WARN_UNUSED_VARIABLE = YES;
				MACOSX_DEPLOYMENT_TARGET = 10.11;
				MTL_ENABLE_DEBUG_INFO = YES;
				ONLY_ACTIVE_ARCH = YES;
				SDKROOT = macosx;
			};
			name = Debug;
		};
		1F17F6C81D9CB0D10022EA89 /* Release */ = {
			isa = XCBuildConfiguration;
			buildSettings = {
				ALWAYS_SEARCH_USER_PATHS = NO;
				CLANG_ANALYZER_NONNULL = YES;
				CLANG_CXX_LANGUAGE_STANDARD = "gnu++0x";
				CLANG_CXX_LIBRARY = "libc++";
				CLANG_ENABLE_MODULES = YES;
				CLANG_ENABLE_OBJC_ARC = YES;
				CLANG_WARN_BOOL_CONVERSION = YES;
				CLANG_WARN_CONSTANT_CONVERSION = YES;
				CLANG_WARN_DIRECT_OBJC_ISA_USAGE = YES_ERROR;
				CLANG_WARN_DOCUMENTATION_COMMENTS = YES;
				CLANG_WARN_EMPTY_BODY = YES;
				CLANG_WARN_ENUM_CONVERSION = YES;
				CLANG_WARN_INFINITE_RECURSION = YES;
				CLANG_WARN_INT_CONVERSION = YES;
				CLANG_WARN_OBJC_ROOT_CLASS = YES_ERROR;
				CLANG_WARN_SUSPICIOUS_MOVES = YES;
				CLANG_WARN_UNREACHABLE_CODE = YES;
				CLANG_WARN__DUPLICATE_METHOD_MATCH = YES;
				CODE_SIGN_IDENTITY = "-";
				COPY_PHASE_STRIP = NO;
				DEBUG_INFORMATION_FORMAT = "dwarf-with-dsym";
				ENABLE_NS_ASSERTIONS = NO;
				ENABLE_STRICT_OBJC_MSGSEND = YES;
				GCC_C_LANGUAGE_STANDARD = gnu99;
				GCC_NO_COMMON_BLOCKS = YES;
				GCC_WARN_64_TO_32_BIT_CONVERSION = YES;
				GCC_WARN_ABOUT_RETURN_TYPE = YES_ERROR;
				GCC_WARN_UNDECLARED_SELECTOR = YES;
				GCC_WARN_UNINITIALIZED_AUTOS = YES_AGGRESSIVE;
				GCC_WARN_UNUSED_FUNCTION = YES;
				GCC_WARN_UNUSED_VARIABLE = YES;
				MACOSX_DEPLOYMENT_TARGET = 10.11;
				MTL_ENABLE_DEBUG_INFO = NO;
				SDKROOT = macosx;
			};
			name = Release;
		};
		1F17F6CA1D9CB0D10022EA89 /* Debug */ = {
			isa = XCBuildConfiguration;
			buildSettings = {
				PRODUCT_NAME = "$(TARGET_NAME)";
			};
			name = Debug;
		};
		1F17F6CB1D9CB0D10022EA89 /* Release */ = {
			isa = XCBuildConfiguration;
			buildSettings = {
				PRODUCT_NAME = "$(TARGET_NAME)";
			};
			name = Release;
		};
/* End XCBuildConfiguration section */

/* Begin XCConfigurationList section */
		1F17F6BD1D9CB0D00022EA89 /* Build configuration list for PBXProject "lab7b" */ = {
			isa = XCConfigurationList;
			buildConfigurations = (
				1F17F6C71D9CB0D10022EA89 /* Debug */,
				1F17F6C81D9CB0D10022EA89 /* Release */,
			);
			defaultConfigurationIsVisible = 0;
			defaultConfigurationName = Release;
		};
		1F17F6C91D9CB0D10022EA89 /* Build configuration list for PBXNativeTarget "lab7b" */ = {
			isa = XCConfigurationList;
			buildConfigurations = (
				1F17F6CA1D9CB0D10022EA89 /* Debug */,
				1F17F6CB1D9CB0D10022EA89 /* Release */,
			);
			defaultConfigurationIsVisible = 0;
		};
/* End XCConfigurationList section */
	};
	rootObject = 1F17F6BA1D9CB0D00022EA89 /* Project object */;
}
