// !$*UTF8*$!
{
	archiveVersion = 1;
	classes = {
	};
	objectVersion = 46;
	objects = {

/* Begin PBXBuildFile section */
		1F9ECA7F1D77D2A7009924B6 /* main.cpp in Sources */ = {isa = PBXBuildFile; fileRef = 1F9ECA7E1D77D2A7009924B6 /* main.cpp */; };
		1F9ECA8D1D77E17F009924B6 /* SavingsAcct.cpp in Sources */ = {isa = PBXBuildFile; fileRef = 1F9ECA8C1D77E17F009924B6 /* SavingsAcct.cpp */; };
/* End PBXBuildFile section */

/* Begin PBXCopyFilesBuildPhase section */
		1F9ECA791D77D2A7009924B6 /* CopyFiles */ = {
			isa = PBXCopyFilesBuildPhase;
			buildActionMask = 2147483647;
			dstPath = /usr/share/man/man1/;
			dstSubfolderSpec = 0;
			files = (
			);
			runOnlyForDeploymentPostprocessing = 1;
		};
/* End PBXCopyFilesBuildPhase section */

/* Begin PBXFileReference section */
		1F9ECA7B1D77D2A7009924B6 /* lab 3d */ = {isa = PBXFileReference; explicitFileType = "compiled.mach-o.executable"; includeInIndex = 0; path = "lab 3d"; sourceTree = BUILT_PRODUCTS_DIR; };
		1F9ECA7E1D77D2A7009924B6 /* main.cpp */ = {isa = PBXFileReference; lastKnownFileType = sourcecode.cpp.cpp; path = main.cpp; sourceTree = "<group>"; };
		1F9ECA851D77D2FC009924B6 /* SavingsAcct.h */ = {isa = PBXFileReference; lastKnownFileType = sourcecode.c.h; path = SavingsAcct.h; sourceTree = "<group>"; };
		1F9ECA8C1D77E17F009924B6 /* SavingsAcct.cpp */ = {isa = PBXFileReference; fileEncoding = 4; lastKnownFileType = sourcecode.cpp.cpp; path = SavingsAcct.cpp; sourceTree = "<group>"; };
/* End PBXFileReference section */

/* Begin PBXFrameworksBuildPhase section */
		1F9ECA781D77D2A7009924B6 /* Frameworks */ = {
			isa = PBXFrameworksBuildPhase;
			buildActionMask = 2147483647;
			files = (
			);
			runOnlyForDeploymentPostprocessing = 0;
		};
/* End PBXFrameworksBuildPhase section */

/* Begin PBXGroup section */
		1F9ECA721D77D2A7009924B6 = {
			isa = PBXGroup;
			children = (
				1F9ECA7D1D77D2A7009924B6 /* lab 3d */,
				1F9ECA7C1D77D2A7009924B6 /* Products */,
			);
			sourceTree = "<group>";
		};
		1F9ECA7C1D77D2A7009924B6 /* Products */ = {
			isa = PBXGroup;
			children = (
				1F9ECA7B1D77D2A7009924B6 /* lab 3d */,
			);
			name = Products;
			sourceTree = "<group>";
		};
		1F9ECA7D1D77D2A7009924B6 /* lab 3d */ = {
			isa = PBXGroup;
			children = (
				1F9ECA7E1D77D2A7009924B6 /* main.cpp */,
				1F9ECA851D77D2FC009924B6 /* SavingsAcct.h */,
				1F9ECA8C1D77E17F009924B6 /* SavingsAcct.cpp */,
			);
			path = "lab 3d";
			sourceTree = "<group>";
		};
/* End PBXGroup section */

/* Begin PBXNativeTarget section */
		1F9ECA7A1D77D2A7009924B6 /* lab 3d */ = {
			isa = PBXNativeTarget;
			buildConfigurationList = 1F9ECA821D77D2A7009924B6 /* Build configuration list for PBXNativeTarget "lab 3d" */;
			buildPhases = (
				1F9ECA771D77D2A7009924B6 /* Sources */,
				1F9ECA781D77D2A7009924B6 /* Frameworks */,
				1F9ECA791D77D2A7009924B6 /* CopyFiles */,
			);
			buildRules = (
			);
			dependencies = (
			);
			name = "lab 3d";
			productName = "lab 3d";
			productReference = 1F9ECA7B1D77D2A7009924B6 /* lab 3d */;
			productType = "com.apple.product-type.tool";
		};
/* End PBXNativeTarget section */

/* Begin PBXProject section */
		1F9ECA731D77D2A7009924B6 /* Project object */ = {
			isa = PBXProject;
			attributes = {
				LastUpgradeCheck = 0730;
				ORGANIZATIONNAME = "Jeff zhang";
				TargetAttributes = {
					1F9ECA7A1D77D2A7009924B6 = {
						CreatedOnToolsVersion = 7.3.1;
					};
				};
			};
			buildConfigurationList = 1F9ECA761D77D2A7009924B6 /* Build configuration list for PBXProject "lab 3d" */;
			compatibilityVersion = "Xcode 3.2";
			developmentRegion = English;
			hasScannedForEncodings = 0;
			knownRegions = (
				en,
			);
			mainGroup = 1F9ECA721D77D2A7009924B6;
			productRefGroup = 1F9ECA7C1D77D2A7009924B6 /* Products */;
			projectDirPath = "";
			projectRoot = "";
			targets = (
				1F9ECA7A1D77D2A7009924B6 /* lab 3d */,
			);
		};
/* End PBXProject section */

/* Begin PBXSourcesBuildPhase section */
		1F9ECA771D77D2A7009924B6 /* Sources */ = {
			isa = PBXSourcesBuildPhase;
			buildActionMask = 2147483647;
			files = (
				1F9ECA8D1D77E17F009924B6 /* SavingsAcct.cpp in Sources */,
				1F9ECA7F1D77D2A7009924B6 /* main.cpp in Sources */,
			);
			runOnlyForDeploymentPostprocessing = 0;
		};
/* End PBXSourcesBuildPhase section */

/* Begin XCBuildConfiguration section */
		1F9ECA801D77D2A7009924B6 /* Debug */ = {
			isa = XCBuildConfiguration;
			buildSettings = {
				ALWAYS_SEARCH_USER_PATHS = NO;
				CLANG_ANALYZER_NONNULL = YES;
				CLANG_CXX_LANGUAGE_STANDARD = "gnu++0x";
				CLANG_CXX_LIBRARY = "libc++";
				CLANG_ENABLE_MODULES = YES;
				CLANG_ENABLE_OBJC_ARC = YES;
				CLANG_WARN_BOOL_CONVERSION = YES;
				CLANG_WARN_CONSTANT_CONVERSION = YES;
				CLANG_WARN_DIRECT_OBJC_ISA_USAGE = YES_ERROR;
				CLANG_WARN_EMPTY_BODY = YES;
				CLANG_WARN_ENUM_CONVERSION = YES;
				CLANG_WARN_INT_CONVERSION = YES;
				CLANG_WARN_OBJC_ROOT_CLASS = YES_ERROR;
				CLANG_WARN_UNREACHABLE_CODE = YES;
				CLANG_WARN__DUPLICATE_METHOD_MATCH = YES;
				CODE_SIGN_IDENTITY = "-";
				COPY_PHASE_STRIP = NO;
				DEBUG_INFORMATION_FORMAT = dwarf;
				ENABLE_STRICT_OBJC_MSGSEND = YES;
				ENABLE_TESTABILITY = YES;
				GCC_C_LANGUAGE_STANDARD = gnu99;
				GCC_DYNAMIC_NO_PIC = NO;
				GCC_NO_COMMON_BLOCKS = YES;
				GCC_OPTIMIZATION_LEVEL = 0;
				GCC_PREPROCESSOR_DEFINITIONS = (
					"DEBUG=1",
					"$(inherited)",
				);
				GCC_WARN_64_TO_32_BIT_CONVERSION = YES;
				GCC_WARN_ABOUT_RETURN_TYPE = YES_ERROR;
				GCC_WARN_UNDECLARED_SELECTOR = YES;
				GCC_WARN_UNINITIALIZED_AUTOS = YES_AGGRESSIVE;
				GCC_WARN_UNUSED_FUNCTION = YES;
				GCC_WARN_UNUSED_VARIABLE = YES;
				MACOSX_DEPLOYMENT_TARGET = 10.11;
				MTL_ENABLE_DEBUG_INFO = YES;
				ONLY_ACTIVE_ARCH = YES;
				SDKROOT = macosx;
			};
			name = Debug;
		};
		1F9ECA811D77D2A7009924B6 /* Release */ = {
			isa = XCBuildConfiguration;
			buildSettings = {
				ALWAYS_SEARCH_USER_PATHS = NO;
				CLANG_ANALYZER_NONNULL = YES;
				CLANG_CXX_LANGUAGE_STANDARD = "gnu++0x";
				CLANG_CXX_LIBRARY = "libc++";
				CLANG_ENABLE_MODULES = YES;
				CLANG_ENABLE_OBJC_ARC = YES;
				CLANG_WARN_BOOL_CONVERSION = YES;
				CLANG_WARN_CONSTANT_CONVERSION = YES;
				CLANG_WARN_DIRECT_OBJC_ISA_USAGE = YES_ERROR;
				CLANG_WARN_EMPTY_BODY = YES;
				CLANG_WARN_ENUM_CONVERSION = YES;
				CLANG_WARN_INT_CONVERSION = YES;
				CLANG_WARN_OBJC_ROOT_CLASS = YES_ERROR;
				CLANG_WARN_UNREACHABLE_CODE = YES;
				CLANG_WARN__DUPLICATE_METHOD_MATCH = YES;
				CODE_SIGN_IDENTITY = "-";
				COPY_PHASE_STRIP = NO;
				DEBUG_INFORMATION_FORMAT = "dwarf-with-dsym";
				ENABLE_NS_ASSERTIONS = NO;
				ENABLE_STRICT_OBJC_MSGSEND = YES;
				GCC_C_LANGUAGE_STANDARD = gnu99;
				GCC_NO_COMMON_BLOCKS = YES;
				GCC_WARN_64_TO_32_BIT_CONVERSION = YES;
				GCC_WARN_ABOUT_RETURN_TYPE = YES_ERROR;
				GCC_WARN_UNDECLARED_SELECTOR = YES;
				GCC_WARN_UNINITIALIZED_AUTOS = YES_AGGRESSIVE;
				GCC_WARN_UNUSED_FUNCTION = YES;
				GCC_WARN_UNUSED_VARIABLE = YES;
				MACOSX_DEPLOYMENT_TARGET = 10.11;
				MTL_ENABLE_DEBUG_INFO = NO;
				SDKROOT = macosx;
			};
			name = Release;
		};
		1F9ECA831D77D2A7009924B6 /* Debug */ = {
			isa = XCBuildConfiguration;
			buildSettings = {
				PRODUCT_NAME = "$(TARGET_NAME)";
			};
			name = Debug;
		};
		1F9ECA841D77D2A7009924B6 /* Release */ = {
			isa = XCBuildConfiguration;
			buildSettings = {
				PRODUCT_NAME = "$(TARGET_NAME)";
			};
			name = Release;
		};
/* End XCBuildConfiguration section */

/* Begin XCConfigurationList section */
		1F9ECA761D77D2A7009924B6 /* Build configuration list for PBXProject "lab 3d" */ = {
			isa = XCConfigurationList;
			buildConfigurations = (
				1F9ECA801D77D2A7009924B6 /* Debug */,
				1F9ECA811D77D2A7009924B6 /* Release */,
			);
			defaultConfigurationIsVisible = 0;
			defaultConfigurationName = Release;
		};
		1F9ECA821D77D2A7009924B6 /* Build configuration list for PBXNativeTarget "lab 3d" */ = {
			isa = XCConfigurationList;
			buildConfigurations = (
				1F9ECA831D77D2A7009924B6 /* Debug */,
				1F9ECA841D77D2A7009924B6 /* Release */,
			);
			defaultConfigurationIsVisible = 0;
		};
/* End XCConfigurationList section */
	};
	rootObject = 1F9ECA731D77D2A7009924B6 /* Project object */;
}
